// !$*UTF8*$!
{
	archiveVersion = 1;
	classes = {
	};
	objectVersion = 55;
	objects = {

/* Begin PBXBuildFile section */
		92AFE6BD27E857F8006F8AE6 /* InputFieldType.swift in Sources */ = {isa = PBXBuildFile; fileRef = 92AFE6BC27E857F8006F8AE6 /* InputFieldType.swift */; };
		92AFE6BF27E85825006F8AE6 /* SampleInputView.swift in Sources */ = {isa = PBXBuildFile; fileRef = 92AFE6BE27E85825006F8AE6 /* SampleInputView.swift */; };
		92AFE6C127E8660B006F8AE6 /* IntInputTests.swift in Sources */ = {isa = PBXBuildFile; fileRef = 92AFE6C027E8660B006F8AE6 /* IntInputTests.swift */; };
		92AFE6C327E8662B006F8AE6 /* Steps.swift in Sources */ = {isa = PBXBuildFile; fileRef = 92AFE6C227E8662B006F8AE6 /* Steps.swift */; };
		92AFE6C527E867B8006F8AE6 /* TextInputTests.swift in Sources */ = {isa = PBXBuildFile; fileRef = 92AFE6C427E867B8006F8AE6 /* TextInputTests.swift */; };
		92AFE6CD27E86EF6006F8AE6 /* DoubleInputBaseTests.swift in Sources */ = {isa = PBXBuildFile; fileRef = 92AFE6CC27E86EF6006F8AE6 /* DoubleInputBaseTests.swift */; };
		92AFE6D627E896A6006F8AE6 /* InputTestSteps.swift in Sources */ = {isa = PBXBuildFile; fileRef = 92AFE6D527E896A6006F8AE6 /* InputTestSteps.swift */; };
		92AFE6D827E89732006F8AE6 /* IntInputBaseTests.swift in Sources */ = {isa = PBXBuildFile; fileRef = 92AFE6D727E89732006F8AE6 /* IntInputBaseTests.swift */; };
		92AFE6DA27E897BC006F8AE6 /* TextInputBaseTests.swift in Sources */ = {isa = PBXBuildFile; fileRef = 92AFE6D927E897BC006F8AE6 /* TextInputBaseTests.swift */; };
		92B22A6E27E64A2D00D355E1 /* SampleInput.swift in Sources */ = {isa = PBXBuildFile; fileRef = 92B22A6D27E64A2D00D355E1 /* SampleInput.swift */; };
		92CC3C8B27E63E5500D03047 /* SSValidationTestsApp.swift in Sources */ = {isa = PBXBuildFile; fileRef = 92CC3C8A27E63E5500D03047 /* SSValidationTestsApp.swift */; };
		92CC3C8D27E63E5500D03047 /* StartView.swift in Sources */ = {isa = PBXBuildFile; fileRef = 92CC3C8C27E63E5500D03047 /* StartView.swift */; };
		92CC3C8F27E63E5600D03047 /* Assets.xcassets in Resources */ = {isa = PBXBuildFile; fileRef = 92CC3C8E27E63E5600D03047 /* Assets.xcassets */; };
		92CC3C9227E63E5600D03047 /* Preview Assets.xcassets in Resources */ = {isa = PBXBuildFile; fileRef = 92CC3C9127E63E5600D03047 /* Preview Assets.xcassets */; };
		92CC3C9B27E63E8F00D03047 /* StartVM.swift in Sources */ = {isa = PBXBuildFile; fileRef = 92CC3C9A27E63E8F00D03047 /* StartVM.swift */; };
		92CC3C9F27E63ECD00D03047 /* SSValidation in Frameworks */ = {isa = PBXBuildFile; productRef = 92CC3C9E27E63ECD00D03047 /* SSValidation */; };
		92CC3CA227E63F0300D03047 /* SSUtils in Frameworks */ = {isa = PBXBuildFile; productRef = 92CC3CA127E63F0300D03047 /* SSUtils */; };
		92E555BE27E762ED00A5FE10 /* SampleModel.swift in Sources */ = {isa = PBXBuildFile; fileRef = 92E555BD27E762ED00A5FE10 /* SampleModel.swift */; };
		92E555C627E7D26400A5FE10 /* DoubleInputTests.swift in Sources */ = {isa = PBXBuildFile; fileRef = 92E555C527E7D26400A5FE10 /* DoubleInputTests.swift */; };
		92E555D327E7D72400A5FE10 /* SSUtils in Frameworks */ = {isa = PBXBuildFile; productRef = 92E555D227E7D72400A5FE10 /* SSUtils */; };
		92E555D527E7D72800A5FE10 /* SSValidation in Frameworks */ = {isa = PBXBuildFile; productRef = 92E555D427E7D72800A5FE10 /* SSValidation */; };
		92E555D627E7D7EB00A5FE10 /* StartVM.swift in Sources */ = {isa = PBXBuildFile; fileRef = 92CC3C9A27E63E8F00D03047 /* StartVM.swift */; };
		92E555D727E7D7FF00A5FE10 /* SampleModel.swift in Sources */ = {isa = PBXBuildFile; fileRef = 92E555BD27E762ED00A5FE10 /* SampleModel.swift */; };
/* End PBXBuildFile section */

/* Begin PBXContainerItemProxy section */
		92AFE6CE27E86EF6006F8AE6 /* PBXContainerItemProxy */ = {
			isa = PBXContainerItemProxy;
			containerPortal = 92CC3C7F27E63E5500D03047 /* Project object */;
			proxyType = 1;
			remoteGlobalIDString = 92CC3C8627E63E5500D03047;
			remoteInfo = SSValidationTests;
		};
		92E555C927E7D26400A5FE10 /* PBXContainerItemProxy */ = {
			isa = PBXContainerItemProxy;
			containerPortal = 92CC3C7F27E63E5500D03047 /* Project object */;
			proxyType = 1;
			remoteGlobalIDString = 92CC3C8627E63E5500D03047;
			remoteInfo = SSValidationTests;
		};
/* End PBXContainerItemProxy section */

/* Begin PBXFileReference section */
		92AD0A7027E91E19001A2BA0 /* SSValidation */ = {isa = PBXFileReference; lastKnownFileType = wrapper; name = SSValidation; path = ../SSValidation; sourceTree = "<group>"; };
		92AD0A7127E91E2A001A2BA0 /* SSUtils */ = {isa = PBXFileReference; lastKnownFileType = wrapper; name = SSUtils; path = ../SSUtils; sourceTree = "<group>"; };
		92AFE6BC27E857F8006F8AE6 /* InputFieldType.swift */ = {isa = PBXFileReference; lastKnownFileType = sourcecode.swift; path = InputFieldType.swift; sourceTree = "<group>"; };
		92AFE6BE27E85825006F8AE6 /* SampleInputView.swift */ = {isa = PBXFileReference; lastKnownFileType = sourcecode.swift; path = SampleInputView.swift; sourceTree = "<group>"; };
		92AFE6C027E8660B006F8AE6 /* IntInputTests.swift */ = {isa = PBXFileReference; lastKnownFileType = sourcecode.swift; path = IntInputTests.swift; sourceTree = "<group>"; };
		92AFE6C227E8662B006F8AE6 /* Steps.swift */ = {isa = PBXFileReference; lastKnownFileType = sourcecode.swift; path = Steps.swift; sourceTree = "<group>"; };
		92AFE6C427E867B8006F8AE6 /* TextInputTests.swift */ = {isa = PBXFileReference; lastKnownFileType = sourcecode.swift; path = TextInputTests.swift; sourceTree = "<group>"; };
		92AFE6CA27E86EF6006F8AE6 /* SSValidationUnitTests.xctest */ = {isa = PBXFileReference; explicitFileType = wrapper.cfbundle; includeInIndex = 0; path = SSValidationUnitTests.xctest; sourceTree = BUILT_PRODUCTS_DIR; };
		92AFE6CC27E86EF6006F8AE6 /* DoubleInputBaseTests.swift */ = {isa = PBXFileReference; lastKnownFileType = sourcecode.swift; path = DoubleInputBaseTests.swift; sourceTree = "<group>"; };
		92AFE6D527E896A6006F8AE6 /* InputTestSteps.swift */ = {isa = PBXFileReference; lastKnownFileType = sourcecode.swift; path = InputTestSteps.swift; sourceTree = "<group>"; };
		92AFE6D727E89732006F8AE6 /* IntInputBaseTests.swift */ = {isa = PBXFileReference; lastKnownFileType = sourcecode.swift; path = IntInputBaseTests.swift; sourceTree = "<group>"; };
		92AFE6D927E897BC006F8AE6 /* TextInputBaseTests.swift */ = {isa = PBXFileReference; lastKnownFileType = sourcecode.swift; path = TextInputBaseTests.swift; sourceTree = "<group>"; };
		92B22A6D27E64A2D00D355E1 /* SampleInput.swift */ = {isa = PBXFileReference; lastKnownFileType = sourcecode.swift; path = SampleInput.swift; sourceTree = "<group>"; };
		92CC3C8727E63E5500D03047 /* SSValidationTests.app */ = {isa = PBXFileReference; explicitFileType = wrapper.application; includeInIndex = 0; path = SSValidationTests.app; sourceTree = BUILT_PRODUCTS_DIR; };
		92CC3C8A27E63E5500D03047 /* SSValidationTestsApp.swift */ = {isa = PBXFileReference; lastKnownFileType = sourcecode.swift; path = SSValidationTestsApp.swift; sourceTree = "<group>"; };
		92CC3C8C27E63E5500D03047 /* StartView.swift */ = {isa = PBXFileReference; lastKnownFileType = sourcecode.swift; path = StartView.swift; sourceTree = "<group>"; };
		92CC3C8E27E63E5600D03047 /* Assets.xcassets */ = {isa = PBXFileReference; lastKnownFileType = folder.assetcatalog; path = Assets.xcassets; sourceTree = "<group>"; };
		92CC3C9127E63E5600D03047 /* Preview Assets.xcassets */ = {isa = PBXFileReference; lastKnownFileType = folder.assetcatalog; path = "Preview Assets.xcassets"; sourceTree = "<group>"; };
		92CC3C9A27E63E8F00D03047 /* StartVM.swift */ = {isa = PBXFileReference; lastKnownFileType = sourcecode.swift; path = StartVM.swift; sourceTree = "<group>"; };
		92E555BD27E762ED00A5FE10 /* SampleModel.swift */ = {isa = PBXFileReference; lastKnownFileType = sourcecode.swift; path = SampleModel.swift; sourceTree = "<group>"; };
		92E555C327E7D26400A5FE10 /* SSValidationTestsUITests.xctest */ = {isa = PBXFileReference; explicitFileType = wrapper.cfbundle; includeInIndex = 0; path = SSValidationTestsUITests.xctest; sourceTree = BUILT_PRODUCTS_DIR; };
		92E555C527E7D26400A5FE10 /* DoubleInputTests.swift */ = {isa = PBXFileReference; lastKnownFileType = sourcecode.swift; path = DoubleInputTests.swift; sourceTree = "<group>"; };
/* End PBXFileReference section */

/* Begin PBXFrameworksBuildPhase section */
		92AFE6C727E86EF6006F8AE6 /* Frameworks */ = {
			isa = PBXFrameworksBuildPhase;
			buildActionMask = 2147483647;
			files = (
			);
			runOnlyForDeploymentPostprocessing = 0;
		};
		92CC3C8427E63E5500D03047 /* Frameworks */ = {
			isa = PBXFrameworksBuildPhase;
			buildActionMask = 2147483647;
			files = (
				92CC3CA227E63F0300D03047 /* SSUtils in Frameworks */,
				92CC3C9F27E63ECD00D03047 /* SSValidation in Frameworks */,
			);
			runOnlyForDeploymentPostprocessing = 0;
		};
		92E555C027E7D26400A5FE10 /* Frameworks */ = {
			isa = PBXFrameworksBuildPhase;
			buildActionMask = 2147483647;
			files = (
				92E555D327E7D72400A5FE10 /* SSUtils in Frameworks */,
				92E555D527E7D72800A5FE10 /* SSValidation in Frameworks */,
			);
			runOnlyForDeploymentPostprocessing = 0;
		};
/* End PBXFrameworksBuildPhase section */

/* Begin PBXGroup section */
		92AFE6CB27E86EF6006F8AE6 /* SSValidationUnitTests */ = {
			isa = PBXGroup;
			children = (
				92AFE6CC27E86EF6006F8AE6 /* DoubleInputBaseTests.swift */,
				92AFE6D727E89732006F8AE6 /* IntInputBaseTests.swift */,
				92AFE6D927E897BC006F8AE6 /* TextInputBaseTests.swift */,
				92AFE6D527E896A6006F8AE6 /* InputTestSteps.swift */,
			);
			path = SSValidationUnitTests;
			sourceTree = "<group>";
		};
		92B22A6C27E64A0700D355E1 /* CustomInputField */ = {
			isa = PBXGroup;
			children = (
				92CC3C9C27E63EC000D03047 /* StartView */,
				92B22A6D27E64A2D00D355E1 /* SampleInput.swift */,
			);
			path = CustomInputField;
			sourceTree = "<group>";
		};
		92CC3C7E27E63E5500D03047 = {
			isa = PBXGroup;
			children = (
				92AD0A7127E91E2A001A2BA0 /* SSUtils */,
				92AD0A7027E91E19001A2BA0 /* SSValidation */,
				92CC3C8927E63E5500D03047 /* SSValidationTests */,
				92E555C427E7D26400A5FE10 /* SSValidationTestsUITests */,
				92AFE6CB27E86EF6006F8AE6 /* SSValidationUnitTests */,
				92CC3C8827E63E5500D03047 /* Products */,
				92CC3C9D27E63ECD00D03047 /* Frameworks */,
			);
			sourceTree = "<group>";
		};
		92CC3C8827E63E5500D03047 /* Products */ = {
			isa = PBXGroup;
			children = (
				92CC3C8727E63E5500D03047 /* SSValidationTests.app */,
				92E555C327E7D26400A5FE10 /* SSValidationTestsUITests.xctest */,
				92AFE6CA27E86EF6006F8AE6 /* SSValidationUnitTests.xctest */,
			);
			name = Products;
			sourceTree = "<group>";
		};
		92CC3C8927E63E5500D03047 /* SSValidationTests */ = {
			isa = PBXGroup;
			children = (
				92CC3C8A27E63E5500D03047 /* SSValidationTestsApp.swift */,
				92B22A6C27E64A0700D355E1 /* CustomInputField */,
				92CC3C8E27E63E5600D03047 /* Assets.xcassets */,
				92CC3C9027E63E5600D03047 /* Preview Content */,
			);
			path = SSValidationTests;
			sourceTree = "<group>";
		};
		92CC3C9027E63E5600D03047 /* Preview Content */ = {
			isa = PBXGroup;
			children = (
				92CC3C9127E63E5600D03047 /* Preview Assets.xcassets */,
			);
			path = "Preview Content";
			sourceTree = "<group>";
		};
		92CC3C9C27E63EC000D03047 /* StartView */ = {
			isa = PBXGroup;
			children = (
				92CC3C8C27E63E5500D03047 /* StartView.swift */,
				92AFE6BE27E85825006F8AE6 /* SampleInputView.swift */,
				92AFE6BC27E857F8006F8AE6 /* InputFieldType.swift */,
				92E555BD27E762ED00A5FE10 /* SampleModel.swift */,
				92CC3C9A27E63E8F00D03047 /* StartVM.swift */,
			);
			path = StartView;
			sourceTree = "<group>";
		};
		92CC3C9D27E63ECD00D03047 /* Frameworks */ = {
			isa = PBXGroup;
			children = (
			);
			name = Frameworks;
			sourceTree = "<group>";
		};
		92E555C427E7D26400A5FE10 /* SSValidationTestsUITests */ = {
			isa = PBXGroup;
			children = (
				92E555C527E7D26400A5FE10 /* DoubleInputTests.swift */,
				92AFE6C027E8660B006F8AE6 /* IntInputTests.swift */,
				92AFE6C427E867B8006F8AE6 /* TextInputTests.swift */,
				92AFE6C227E8662B006F8AE6 /* Steps.swift */,
			);
			path = SSValidationTestsUITests;
			sourceTree = "<group>";
		};
/* End PBXGroup section */

/* Begin PBXNativeTarget section */
		92AFE6C927E86EF6006F8AE6 /* SSValidationUnitTests */ = {
			isa = PBXNativeTarget;
			buildConfigurationList = 92AFE6D027E86EF6006F8AE6 /* Build configuration list for PBXNativeTarget "SSValidationUnitTests" */;
			buildPhases = (
				92AFE6C627E86EF6006F8AE6 /* Sources */,
				92AFE6C727E86EF6006F8AE6 /* Frameworks */,
				92AFE6C827E86EF6006F8AE6 /* Resources */,
			);
			buildRules = (
			);
			dependencies = (
				92AFE6CF27E86EF6006F8AE6 /* PBXTargetDependency */,
			);
			name = SSValidationUnitTests;
			productName = SSValidationUnitTests;
			productReference = 92AFE6CA27E86EF6006F8AE6 /* SSValidationUnitTests.xctest */;
			productType = "com.apple.product-type.bundle.unit-test";
		};
		92CC3C8627E63E5500D03047 /* SSValidationTests */ = {
			isa = PBXNativeTarget;
			buildConfigurationList = 92CC3C9527E63E5600D03047 /* Build configuration list for PBXNativeTarget "SSValidationTests" */;
			buildPhases = (
				92CC3C8327E63E5500D03047 /* Sources */,
				92CC3C8427E63E5500D03047 /* Frameworks */,
				92CC3C8527E63E5500D03047 /* Resources */,
			);
			buildRules = (
			);
			dependencies = (
				92CC3CA627E63F2F00D03047 /* PBXTargetDependency */,
				92CC3CA427E63F2C00D03047 /* PBXTargetDependency */,
			);
			name = SSValidationTests;
			packageProductDependencies = (
				92CC3C9E27E63ECD00D03047 /* SSValidation */,
				92CC3CA127E63F0300D03047 /* SSUtils */,
			);
			productName = SSValidationTests;
			productReference = 92CC3C8727E63E5500D03047 /* SSValidationTests.app */;
			productType = "com.apple.product-type.application";
		};
		92E555C227E7D26400A5FE10 /* SSValidationTestsUITests */ = {
			isa = PBXNativeTarget;
			buildConfigurationList = 92E555CB27E7D26400A5FE10 /* Build configuration list for PBXNativeTarget "SSValidationTestsUITests" */;
			buildPhases = (
				92E555BF27E7D26400A5FE10 /* Sources */,
				92E555C027E7D26400A5FE10 /* Frameworks */,
				92E555C127E7D26400A5FE10 /* Resources */,
			);
			buildRules = (
			);
			dependencies = (
				92E555D127E7D69200A5FE10 /* PBXTargetDependency */,
				92E555CF27E7D68F00A5FE10 /* PBXTargetDependency */,
				92E555CA27E7D26400A5FE10 /* PBXTargetDependency */,
			);
			name = SSValidationTestsUITests;
			packageProductDependencies = (
				92E555D227E7D72400A5FE10 /* SSUtils */,
				92E555D427E7D72800A5FE10 /* SSValidation */,
			);
			productName = SSValidationTestsUITests;
			productReference = 92E555C327E7D26400A5FE10 /* SSValidationTestsUITests.xctest */;
			productType = "com.apple.product-type.bundle.ui-testing";
		};
/* End PBXNativeTarget section */

/* Begin PBXProject section */
		92CC3C7F27E63E5500D03047 /* Project object */ = {
			isa = PBXProject;
			attributes = {
				BuildIndependentTargetsInParallel = 1;
				LastSwiftUpdateCheck = 1320;
				LastUpgradeCheck = 1320;
				TargetAttributes = {
					92AFE6C927E86EF6006F8AE6 = {
						CreatedOnToolsVersion = 13.2.1;
						TestTargetID = 92CC3C8627E63E5500D03047;
					};
					92CC3C8627E63E5500D03047 = {
						CreatedOnToolsVersion = 13.2.1;
					};
					92E555C227E7D26400A5FE10 = {
						CreatedOnToolsVersion = 13.2.1;
						TestTargetID = 92CC3C8627E63E5500D03047;
					};
				};
			};
			buildConfigurationList = 92CC3C8227E63E5500D03047 /* Build configuration list for PBXProject "SSValidationTests" */;
			compatibilityVersion = "Xcode 13.0";
			developmentRegion = en;
			hasScannedForEncodings = 0;
			knownRegions = (
				en,
				Base,
			);
			mainGroup = 92CC3C7E27E63E5500D03047;
			productRefGroup = 92CC3C8827E63E5500D03047 /* Products */;
			projectDirPath = "";
			projectRoot = "";
			targets = (
				92CC3C8627E63E5500D03047 /* SSValidationTests */,
				92E555C227E7D26400A5FE10 /* SSValidationTestsUITests */,
				92AFE6C927E86EF6006F8AE6 /* SSValidationUnitTests */,
			);
		};
/* End PBXProject section */

/* Begin PBXResourcesBuildPhase section */
		92AFE6C827E86EF6006F8AE6 /* Resources */ = {
			isa = PBXResourcesBuildPhase;
			buildActionMask = 2147483647;
			files = (
			);
			runOnlyForDeploymentPostprocessing = 0;
		};
		92CC3C8527E63E5500D03047 /* Resources */ = {
			isa = PBXResourcesBuildPhase;
			buildActionMask = 2147483647;
			files = (
				92CC3C9227E63E5600D03047 /* Preview Assets.xcassets in Resources */,
				92CC3C8F27E63E5600D03047 /* Assets.xcassets in Resources */,
			);
			runOnlyForDeploymentPostprocessing = 0;
		};
		92E555C127E7D26400A5FE10 /* Resources */ = {
			isa = PBXResourcesBuildPhase;
			buildActionMask = 2147483647;
			files = (
			);
			runOnlyForDeploymentPostprocessing = 0;
		};
/* End PBXResourcesBuildPhase section */

/* Begin PBXSourcesBuildPhase section */
		92AFE6C627E86EF6006F8AE6 /* Sources */ = {
			isa = PBXSourcesBuildPhase;
			buildActionMask = 2147483647;
			files = (
				92AFE6D627E896A6006F8AE6 /* InputTestSteps.swift in Sources */,
				92AFE6CD27E86EF6006F8AE6 /* DoubleInputBaseTests.swift in Sources */,
				92AFE6DA27E897BC006F8AE6 /* TextInputBaseTests.swift in Sources */,
				92AFE6D827E89732006F8AE6 /* IntInputBaseTests.swift in Sources */,
			);
			runOnlyForDeploymentPostprocessing = 0;
		};
		92CC3C8327E63E5500D03047 /* Sources */ = {
			isa = PBXSourcesBuildPhase;
			buildActionMask = 2147483647;
			files = (
				92CC3C8D27E63E5500D03047 /* StartView.swift in Sources */,
				92E555BE27E762ED00A5FE10 /* SampleModel.swift in Sources */,
				92CC3C8B27E63E5500D03047 /* SSValidationTestsApp.swift in Sources */,
				92AFE6BD27E857F8006F8AE6 /* InputFieldType.swift in Sources */,
				92B22A6E27E64A2D00D355E1 /* SampleInput.swift in Sources */,
				92AFE6BF27E85825006F8AE6 /* SampleInputView.swift in Sources */,
				92CC3C9B27E63E8F00D03047 /* StartVM.swift in Sources */,
			);
			runOnlyForDeploymentPostprocessing = 0;
		};
		92E555BF27E7D26400A5FE10 /* Sources */ = {
			isa = PBXSourcesBuildPhase;
			buildActionMask = 2147483647;
			files = (
				92AFE6C127E8660B006F8AE6 /* IntInputTests.swift in Sources */,
				92AFE6C327E8662B006F8AE6 /* Steps.swift in Sources */,
				92E555D727E7D7FF00A5FE10 /* SampleModel.swift in Sources */,
				92E555D627E7D7EB00A5FE10 /* StartVM.swift in Sources */,
				92E555C627E7D26400A5FE10 /* DoubleInputTests.swift in Sources */,
				92AFE6C527E867B8006F8AE6 /* TextInputTests.swift in Sources */,
			);
			runOnlyForDeploymentPostprocessing = 0;
		};
/* End PBXSourcesBuildPhase section */

/* Begin PBXTargetDependency section */
		92AFE6CF27E86EF6006F8AE6 /* PBXTargetDependency */ = {
			isa = PBXTargetDependency;
			target = 92CC3C8627E63E5500D03047 /* SSValidationTests */;
			targetProxy = 92AFE6CE27E86EF6006F8AE6 /* PBXContainerItemProxy */;
		};
		92CC3CA427E63F2C00D03047 /* PBXTargetDependency */ = {
			isa = PBXTargetDependency;
			productRef = 92CC3CA327E63F2C00D03047 /* SSUtils */;
		};
		92CC3CA627E63F2F00D03047 /* PBXTargetDependency */ = {
			isa = PBXTargetDependency;
			productRef = 92CC3CA527E63F2F00D03047 /* SSValidation */;
		};
		92E555CA27E7D26400A5FE10 /* PBXTargetDependency */ = {
			isa = PBXTargetDependency;
			target = 92CC3C8627E63E5500D03047 /* SSValidationTests */;
			targetProxy = 92E555C927E7D26400A5FE10 /* PBXContainerItemProxy */;
		};
		92E555CF27E7D68F00A5FE10 /* PBXTargetDependency */ = {
			isa = PBXTargetDependency;
			productRef = 92E555CE27E7D68F00A5FE10 /* SSUtils */;
		};
		92E555D127E7D69200A5FE10 /* PBXTargetDependency */ = {
			isa = PBXTargetDependency;
			productRef = 92E555D027E7D69200A5FE10 /* SSValidation */;
		};
/* End PBXTargetDependency section */

/* Begin XCBuildConfiguration section */
		92AFE6D127E86EF6006F8AE6 /* Debug */ = {
			isa = XCBuildConfiguration;
			buildSettings = {
				BUNDLE_LOADER = "$(TEST_HOST)";
				CODE_SIGN_STYLE = Automatic;
				CURRENT_PROJECT_VERSION = 1;
				DEVELOPMENT_TEAM = CV69B5J93R;
				GENERATE_INFOPLIST_FILE = YES;
				MARKETING_VERSION = 1.0;
				PRODUCT_BUNDLE_IDENTIFIER = com.sebastianstaszczyk.SSValidationUnitTests;
				PRODUCT_NAME = "$(TARGET_NAME)";
				SWIFT_EMIT_LOC_STRINGS = NO;
				SWIFT_VERSION = 5.0;
				TARGETED_DEVICE_FAMILY = "1,2";
				TEST_HOST = "$(BUILT_PRODUCTS_DIR)/SSValidationTests.app/SSValidationTests";
			};
			name = Debug;
		};
		92AFE6D227E86EF6006F8AE6 /* Release */ = {
			isa = XCBuildConfiguration;
			buildSettings = {
				BUNDLE_LOADER = "$(TEST_HOST)";
				CODE_SIGN_STYLE = Automatic;
				CURRENT_PROJECT_VERSION = 1;
				DEVELOPMENT_TEAM = CV69B5J93R;
				GENERATE_INFOPLIST_FILE = YES;
				MARKETING_VERSION = 1.0;
				PRODUCT_BUNDLE_IDENTIFIER = com.sebastianstaszczyk.SSValidationUnitTests;
				PRODUCT_NAME = "$(TARGET_NAME)";
				SWIFT_EMIT_LOC_STRINGS = NO;
				SWIFT_VERSION = 5.0;
				TARGETED_DEVICE_FAMILY = "1,2";
				TEST_HOST = "$(BUILT_PRODUCTS_DIR)/SSValidationTests.app/SSValidationTests";
			};
			name = Release;
		};
		92CC3C9327E63E5600D03047 /* Debug */ = {
			isa = XCBuildConfiguration;
			buildSettings = {
				ALWAYS_SEARCH_USER_PATHS = NO;
				CLANG_ANALYZER_NONNULL = YES;
				CLANG_ANALYZER_NUMBER_OBJECT_CONVERSION = YES_AGGRESSIVE;
				CLANG_CXX_LANGUAGE_STANDARD = "gnu++17";
				CLANG_CXX_LIBRARY = "libc++";
				CLANG_ENABLE_MODULES = YES;
				CLANG_ENABLE_OBJC_ARC = YES;
				CLANG_ENABLE_OBJC_WEAK = YES;
				CLANG_WARN_BLOCK_CAPTURE_AUTORELEASING = YES;
				CLANG_WARN_BOOL_CONVERSION = YES;
				CLANG_WARN_COMMA = YES;
				CLANG_WARN_CONSTANT_CONVERSION = YES;
				CLANG_WARN_DEPRECATED_OBJC_IMPLEMENTATIONS = YES;
				CLANG_WARN_DIRECT_OBJC_ISA_USAGE = YES_ERROR;
				CLANG_WARN_DOCUMENTATION_COMMENTS = YES;
				CLANG_WARN_EMPTY_BODY = YES;
				CLANG_WARN_ENUM_CONVERSION = YES;
				CLANG_WARN_INFINITE_RECURSION = YES;
				CLANG_WARN_INT_CONVERSION = YES;
				CLANG_WARN_NON_LITERAL_NULL_CONVERSION = YES;
				CLANG_WARN_OBJC_IMPLICIT_RETAIN_SELF = YES;
				CLANG_WARN_OBJC_LITERAL_CONVERSION = YES;
				CLANG_WARN_OBJC_ROOT_CLASS = YES_ERROR;
				CLANG_WARN_QUOTED_INCLUDE_IN_FRAMEWORK_HEADER = YES;
				CLANG_WARN_RANGE_LOOP_ANALYSIS = YES;
				CLANG_WARN_STRICT_PROTOTYPES = YES;
				CLANG_WARN_SUSPICIOUS_MOVE = YES;
				CLANG_WARN_UNGUARDED_AVAILABILITY = YES_AGGRESSIVE;
				CLANG_WARN_UNREACHABLE_CODE = YES;
				CLANG_WARN__DUPLICATE_METHOD_MATCH = YES;
				COPY_PHASE_STRIP = NO;
				DEBUG_INFORMATION_FORMAT = dwarf;
				ENABLE_STRICT_OBJC_MSGSEND = YES;
				ENABLE_TESTABILITY = YES;
				GCC_C_LANGUAGE_STANDARD = gnu11;
				GCC_DYNAMIC_NO_PIC = NO;
				GCC_NO_COMMON_BLOCKS = YES;
				GCC_OPTIMIZATION_LEVEL = 0;
				GCC_PREPROCESSOR_DEFINITIONS = (
					"DEBUG=1",
					"$(inherited)",
				);
				GCC_WARN_64_TO_32_BIT_CONVERSION = YES;
				GCC_WARN_ABOUT_RETURN_TYPE = YES_ERROR;
				GCC_WARN_UNDECLARED_SELECTOR = YES;
				GCC_WARN_UNINITIALIZED_AUTOS = YES_AGGRESSIVE;
				GCC_WARN_UNUSED_FUNCTION = YES;
				GCC_WARN_UNUSED_VARIABLE = YES;
				IPHONEOS_DEPLOYMENT_TARGET = 15.2;
				MTL_ENABLE_DEBUG_INFO = INCLUDE_SOURCE;
				MTL_FAST_MATH = YES;
				ONLY_ACTIVE_ARCH = YES;
				SDKROOT = iphoneos;
				SWIFT_ACTIVE_COMPILATION_CONDITIONS = DEBUG;
				SWIFT_OPTIMIZATION_LEVEL = "-Onone";
			};
			name = Debug;
		};
		92CC3C9427E63E5600D03047 /* Release */ = {
			isa = XCBuildConfiguration;
			buildSettings = {
				ALWAYS_SEARCH_USER_PATHS = NO;
				CLANG_ANALYZER_NONNULL = YES;
				CLANG_ANALYZER_NUMBER_OBJECT_CONVERSION = YES_AGGRESSIVE;
				CLANG_CXX_LANGUAGE_STANDARD = "gnu++17";
				CLANG_CXX_LIBRARY = "libc++";
				CLANG_ENABLE_MODULES = YES;
				CLANG_ENABLE_OBJC_ARC = YES;
				CLANG_ENABLE_OBJC_WEAK = YES;
				CLANG_WARN_BLOCK_CAPTURE_AUTORELEASING = YES;
				CLANG_WARN_BOOL_CONVERSION = YES;
				CLANG_WARN_COMMA = YES;
				CLANG_WARN_CONSTANT_CONVERSION = YES;
				CLANG_WARN_DEPRECATED_OBJC_IMPLEMENTATIONS = YES;
				CLANG_WARN_DIRECT_OBJC_ISA_USAGE = YES_ERROR;
				CLANG_WARN_DOCUMENTATION_COMMENTS = YES;
				CLANG_WARN_EMPTY_BODY = YES;
				CLANG_WARN_ENUM_CONVERSION = YES;
				CLANG_WARN_INFINITE_RECURSION = YES;
				CLANG_WARN_INT_CONVERSION = YES;
				CLANG_WARN_NON_LITERAL_NULL_CONVERSION = YES;
				CLANG_WARN_OBJC_IMPLICIT_RETAIN_SELF = YES;
				CLANG_WARN_OBJC_LITERAL_CONVERSION = YES;
				CLANG_WARN_OBJC_ROOT_CLASS = YES_ERROR;
				CLANG_WARN_QUOTED_INCLUDE_IN_FRAMEWORK_HEADER = YES;
				CLANG_WARN_RANGE_LOOP_ANALYSIS = YES;
				CLANG_WARN_STRICT_PROTOTYPES = YES;
				CLANG_WARN_SUSPICIOUS_MOVE = YES;
				CLANG_WARN_UNGUARDED_AVAILABILITY = YES_AGGRESSIVE;
				CLANG_WARN_UNREACHABLE_CODE = YES;
				CLANG_WARN__DUPLICATE_METHOD_MATCH = YES;
				COPY_PHASE_STRIP = NO;
				DEBUG_INFORMATION_FORMAT = "dwarf-with-dsym";
				ENABLE_NS_ASSERTIONS = NO;
				ENABLE_STRICT_OBJC_MSGSEND = YES;
				GCC_C_LANGUAGE_STANDARD = gnu11;
				GCC_NO_COMMON_BLOCKS = YES;
				GCC_WARN_64_TO_32_BIT_CONVERSION = YES;
				GCC_WARN_ABOUT_RETURN_TYPE = YES_ERROR;
				GCC_WARN_UNDECLARED_SELECTOR = YES;
				GCC_WARN_UNINITIALIZED_AUTOS = YES_AGGRESSIVE;
				GCC_WARN_UNUSED_FUNCTION = YES;
				GCC_WARN_UNUSED_VARIABLE = YES;
				IPHONEOS_DEPLOYMENT_TARGET = 15.2;
				MTL_ENABLE_DEBUG_INFO = NO;
				MTL_FAST_MATH = YES;
				SDKROOT = iphoneos;
				SWIFT_COMPILATION_MODE = wholemodule;
				SWIFT_OPTIMIZATION_LEVEL = "-O";
				VALIDATE_PRODUCT = YES;
			};
			name = Release;
		};
		92CC3C9627E63E5600D03047 /* Debug */ = {
			isa = XCBuildConfiguration;
			buildSettings = {
				ASSETCATALOG_COMPILER_APPICON_NAME = AppIcon;
				ASSETCATALOG_COMPILER_GLOBAL_ACCENT_COLOR_NAME = AccentColor;
				CODE_SIGN_STYLE = Automatic;
				CURRENT_PROJECT_VERSION = 1;
				DEVELOPMENT_ASSET_PATHS = "\"SSValidationTests/Preview Content\"";
				DEVELOPMENT_TEAM = CV69B5J93R;
				ENABLE_PREVIEWS = YES;
				GENERATE_INFOPLIST_FILE = YES;
				INFOPLIST_KEY_UIApplicationSceneManifest_Generation = YES;
				INFOPLIST_KEY_UIApplicationSupportsIndirectInputEvents = YES;
				INFOPLIST_KEY_UILaunchScreen_Generation = YES;
				INFOPLIST_KEY_UISupportedInterfaceOrientations_iPad = "UIInterfaceOrientationPortrait UIInterfaceOrientationPortraitUpsideDown UIInterfaceOrientationLandscapeLeft UIInterfaceOrientationLandscapeRight";
				INFOPLIST_KEY_UISupportedInterfaceOrientations_iPhone = "UIInterfaceOrientationPortrait UIInterfaceOrientationLandscapeLeft UIInterfaceOrientationLandscapeRight";
				LD_RUNPATH_SEARCH_PATHS = (
					"$(inherited)",
					"@executable_path/Frameworks",
				);
				MARKETING_VERSION = 1.0;
				PRODUCT_BUNDLE_IDENTIFIER = com.sebastianstaszczyk.SSValidationTests;
				PRODUCT_NAME = "$(TARGET_NAME)";
				SWIFT_EMIT_LOC_STRINGS = YES;
				SWIFT_VERSION = 5.0;
				TARGETED_DEVICE_FAMILY = "1,2";
			};
			name = Debug;
		};
		92CC3C9727E63E5600D03047 /* Release */ = {
			isa = XCBuildConfiguration;
			buildSettings = {
				ASSETCATALOG_COMPILER_APPICON_NAME = AppIcon;
				ASSETCATALOG_COMPILER_GLOBAL_ACCENT_COLOR_NAME = AccentColor;
				CODE_SIGN_STYLE = Automatic;
				CURRENT_PROJECT_VERSION = 1;
				DEVELOPMENT_ASSET_PATHS = "\"SSValidationTests/Preview Content\"";
				DEVELOPMENT_TEAM = CV69B5J93R;
				ENABLE_PREVIEWS = YES;
				GENERATE_INFOPLIST_FILE = YES;
				INFOPLIST_KEY_UIApplicationSceneManifest_Generation = YES;
				INFOPLIST_KEY_UIApplicationSupportsIndirectInputEvents = YES;
				INFOPLIST_KEY_UILaunchScreen_Generation = YES;
				INFOPLIST_KEY_UISupportedInterfaceOrientations_iPad = "UIInterfaceOrientationPortrait UIInterfaceOrientationPortraitUpsideDown UIInterfaceOrientationLandscapeLeft UIInterfaceOrientationLandscapeRight";
				INFOPLIST_KEY_UISupportedInterfaceOrientations_iPhone = "UIInterfaceOrientationPortrait UIInterfaceOrientationLandscapeLeft UIInterfaceOrientationLandscapeRight";
				LD_RUNPATH_SEARCH_PATHS = (
					"$(inherited)",
					"@executable_path/Frameworks",
				);
				MARKETING_VERSION = 1.0;
				PRODUCT_BUNDLE_IDENTIFIER = com.sebastianstaszczyk.SSValidationTests;
				PRODUCT_NAME = "$(TARGET_NAME)";
				SWIFT_EMIT_LOC_STRINGS = YES;
				SWIFT_VERSION = 5.0;
				TARGETED_DEVICE_FAMILY = "1,2";
			};
			name = Release;
		};
		92E555CC27E7D26400A5FE10 /* Debug */ = {
			isa = XCBuildConfiguration;
			buildSettings = {
				CODE_SIGN_STYLE = Automatic;
				CURRENT_PROJECT_VERSION = 1;
				DEVELOPMENT_TEAM = CV69B5J93R;
				GENERATE_INFOPLIST_FILE = YES;
				MARKETING_VERSION = 1.0;
				PRODUCT_BUNDLE_IDENTIFIER = com.sebastianstaszczyk.SSValidationTestsUITests;
				PRODUCT_NAME = "$(TARGET_NAME)";
				SWIFT_EMIT_LOC_STRINGS = NO;
				SWIFT_VERSION = 5.0;
				TARGETED_DEVICE_FAMILY = "1,2";
				TEST_TARGET_NAME = SSValidationTests;
			};
			name = Debug;
		};
		92E555CD27E7D26400A5FE10 /* Release */ = {
			isa = XCBuildConfiguration;
			buildSettings = {
				CODE_SIGN_STYLE = Automatic;
				CURRENT_PROJECT_VERSION = 1;
				DEVELOPMENT_TEAM = CV69B5J93R;
				GENERATE_INFOPLIST_FILE = YES;
				MARKETING_VERSION = 1.0;
				PRODUCT_BUNDLE_IDENTIFIER = com.sebastianstaszczyk.SSValidationTestsUITests;
				PRODUCT_NAME = "$(TARGET_NAME)";
				SWIFT_EMIT_LOC_STRINGS = NO;
				SWIFT_VERSION = 5.0;
				TARGETED_DEVICE_FAMILY = "1,2";
				TEST_TARGET_NAME = SSValidationTests;
			};
			name = Release;
		};
/* End XCBuildConfiguration section */

/* Begin XCConfigurationList section */
		92AFE6D027E86EF6006F8AE6 /* Build configuration list for PBXNativeTarget "SSValidationUnitTests" */ = {
			isa = XCConfigurationList;
			buildConfigurations = (
				92AFE6D127E86EF6006F8AE6 /* Debug */,
				92AFE6D227E86EF6006F8AE6 /* Release */,
			);
			defaultConfigurationIsVisible = 0;
			defaultConfigurationName = Release;
		};
		92CC3C8227E63E5500D03047 /* Build configuration list for PBXProject "SSValidationTests" */ = {
			isa = XCConfigurationList;
			buildConfigurations = (
				92CC3C9327E63E5600D03047 /* Debug */,
				92CC3C9427E63E5600D03047 /* Release */,
			);
			defaultConfigurationIsVisible = 0;
			defaultConfigurationName = Release;
		};
		92CC3C9527E63E5600D03047 /* Build configuration list for PBXNativeTarget "SSValidationTests" */ = {
			isa = XCConfigurationList;
			buildConfigurations = (
				92CC3C9627E63E5600D03047 /* Debug */,
				92CC3C9727E63E5600D03047 /* Release */,
			);
			defaultConfigurationIsVisible = 0;
			defaultConfigurationName = Release;
		};
		92E555CB27E7D26400A5FE10 /* Build configuration list for PBXNativeTarget "SSValidationTestsUITests" */ = {
			isa = XCConfigurationList;
			buildConfigurations = (
				92E555CC27E7D26400A5FE10 /* Debug */,
				92E555CD27E7D26400A5FE10 /* Release */,
			);
			defaultConfigurationIsVisible = 0;
			defaultConfigurationName = Release;
		};
/* End XCConfigurationList section */

/* Begin XCSwiftPackageProductDependency section */
		92CC3C9E27E63ECD00D03047 /* SSValidation */ = {
			isa = XCSwiftPackageProductDependency;
			productName = SSValidation;
		};
		92CC3CA127E63F0300D03047 /* SSUtils */ = {
			isa = XCSwiftPackageProductDependency;
			productName = SSUtils;
		};
		92CC3CA327E63F2C00D03047 /* SSUtils */ = {
			isa = XCSwiftPackageProductDependency;
			productName = SSUtils;
		};
		92CC3CA527E63F2F00D03047 /* SSValidation */ = {
			isa = XCSwiftPackageProductDependency;
			productName = SSValidation;
		};
		92E555CE27E7D68F00A5FE10 /* SSUtils */ = {
			isa = XCSwiftPackageProductDependency;
			productName = SSUtils;
		};
		92E555D027E7D69200A5FE10 /* SSValidation */ = {
			isa = XCSwiftPackageProductDependency;
			productName = SSValidation;
		};
		92E555D227E7D72400A5FE10 /* SSUtils */ = {
			isa = XCSwiftPackageProductDependency;
			productName = SSUtils;
		};
		92E555D427E7D72800A5FE10 /* SSValidation */ = {
			isa = XCSwiftPackageProductDependency;
			productName = SSValidation;
		};
/* End XCSwiftPackageProductDependency section */
	};
	rootObject = 92CC3C7F27E63E5500D03047 /* Project object */;
}
